
Microsoft Visual Studio Solution File, Format Version 12.00
# Visual Studio Version 17
VisualStudioVersion = 17.9.34902.65
MinimumVisualStudioVersion = 10.0.40219.1
Project("{8BC9CEB8-8B4A-11D0-8D11-00A0C91BC942}") = "TestRunnerSuite", "TestRunnerSuite\TestRunnerSuite.vcxproj", "{651CADDE-29EB-4E10-ADFA-02215D32E7C4}"
EndProject
Project("{FAE04EC0-301F-11D3-BF4B-00C04F79EFBC}") = "TestRunnerUI", "TestRunnerUI\TestRunnerUI.csproj", "{C368B61C-BF08-499E-A3DB-D8A3C56120DA}"
EndProject
Global
	GlobalSection(SolutionConfigurationPlatforms) = preSolution
		Debug|Any CPU = Debug|Any CPU
		Debug|x64 = Debug|x64
		Debug|x86 = Debug|x86
		Release|Any CPU = Release|Any CPU
		Release|x64 = Release|x64
		Release|x86 = Release|x86
	EndGlobalSection
	GlobalSection(ProjectConfigurationPlatforms) = postSolution
		{651CADDE-29EB-4E10-ADFA-02215D32E7C4}.Debug|Any CPU.ActiveCfg = Debug|x64
		{651CADDE-29EB-4E10-ADFA-02215D32E7C4}.Debug|Any CPU.Build.0 = Debug|x64
		{651CADDE-29EB-4E10-ADFA-02215D32E7C4}.Debug|x64.ActiveCfg = Debug|x64
		{651CADDE-29EB-4E10-ADFA-02215D32E7C4}.Debug|x64.Build.0 = Debug|x64
		{651CADDE-29EB-4E10-ADFA-02215D32E7C4}.Debug|x86.ActiveCfg = Debug|Win32
		{651CADDE-29EB-4E10-ADFA-02215D32E7C4}.Debug|x86.Build.0 = Debug|Win32
		{651CADDE-29EB-4E10-ADFA-02215D32E7C4}.Release|Any CPU.ActiveCfg = Release|x64
		{651CADDE-29EB-4E10-ADFA-02215D32E7C4}.Release|Any CPU.Build.0 = Release|x64
		{651CADDE-29EB-4E10-ADFA-02215D32E7C4}.Release|x64.ActiveCfg = Release|x64
		{651CADDE-29EB-4E10-ADFA-02215D32E7C4}.Release|x64.Build.0 = Release|x64
		{651CADDE-29EB-4E10-ADFA-02215D32E7C4}.Release|x86.ActiveCfg = Release|Win32
		{651CADDE-29EB-4E10-ADFA-02215D32E7C4}.Release|x86.Build.0 = Release|Win32
		{C368B61C-BF08-499E-A3DB-D8A3C56120DA}.Debug|Any CPU.ActiveCfg = Debug|Any CPU
		{C368B61C-BF08-499E-A3DB-D8A3C56120DA}.Debug|Any CPU.Build.0 = Debug|Any CPU
		{C368B61C-BF08-499E-A3DB-D8A3C56120DA}.Debug|x64.ActiveCfg = Debug|Any CPU
		{C368B61C-BF08-499E-A3DB-D8A3C56120DA}.Debug|x64.Build.0 = Debug|Any CPU
		{C368B61C-BF08-499E-A3DB-D8A3C56120DA}.Debug|x86.ActiveCfg = Debug|Any CPU
		{C368B61C-BF08-499E-A3DB-D8A3C56120DA}.Debug|x86.Build.0 = Debug|Any CPU
		{C368B61C-BF08-499E-A3DB-D8A3C56120DA}.Release|Any CPU.ActiveCfg = Release|Any CPU
		{C368B61C-BF08-499E-A3DB-D8A3C56120DA}.Release|Any CPU.Build.0 = Release|Any CPU
		{C368B61C-BF08-499E-A3DB-D8A3C56120DA}.Release|x64.ActiveCfg = Release|Any CPU
		{C368B61C-BF08-499E-A3DB-D8A3C56120DA}.Release|x64.Build.0 = Release|Any CPU
		{C368B61C-BF08-499E-A3DB-D8A3C56120DA}.Release|x86.ActiveCfg = Release|Any CPU
		{C368B61C-BF08-499E-A3DB-D8A3C56120DA}.Release|x86.Build.0 = Release|Any CPU
	EndGlobalSection
	GlobalSection(SolutionProperties) = preSolution
		HideSolutionNode = FALSE
	EndGlobalSection
	GlobalSection(ExtensibilityGlobals) = postSolution
		SolutionGuid = {E6C255BA-943E-4BDF-B2F4-47F3AFAD4719}
	EndGlobalSection
EndGlobal
